
Microsoft Visual Studio Solution File, Format Version 12.00
# Visual Studio Version 17
VisualStudioVersion = 17.5.002.0
MinimumVisualStudioVersion = 10.0.40219.1
Project("{9A19103F-16F7-4668-BE54-9A1E7A4F7556}") = "day2", "day2\day2.csproj", "{4FAD494C-B48F-498B-B22A-BFCB6B1C0FF6}"
EndProject
Project("{2150E333-8FDC-42A3-9474-1A3956D46DE8}") = "day1", "day1", "{7F650B01-E6B9-42D2-9E9A-FD9F687F548E}"
EndProject
Project("{9A19103F-16F7-4668-BE54-9A1E7A4F7556}") = "csharp", "day1\bin\csharp.csproj", "{0CC9ECE4-40FD-4AD7-A656-96C4DDB343C1}"
EndProject
Global
	GlobalSection(SolutionConfigurationPlatforms) = preSolution
		Debug|Any CPU = Debug|Any CPU
		Release|Any CPU = Release|Any CPU
	EndGlobalSection
	GlobalSection(ProjectConfigurationPlatforms) = postSolution
		{4FAD494C-B48F-498B-B22A-BFCB6B1C0FF6}.Debug|Any CPU.ActiveCfg = Debug|Any CPU
		{4FAD494C-B48F-498B-B22A-BFCB6B1C0FF6}.Debug|Any CPU.Build.0 = Debug|Any CPU
		{4FAD494C-B48F-498B-B22A-BFCB6B1C0FF6}.Release|Any CPU.ActiveCfg = Release|Any CPU
		{4FAD494C-B48F-498B-B22A-BFCB6B1C0FF6}.Release|Any CPU.Build.0 = Release|Any CPU
		{0CC9ECE4-40FD-4AD7-A656-96C4DDB343C1}.Debug|Any CPU.ActiveCfg = Debug|Any CPU
		{0CC9ECE4-40FD-4AD7-A656-96C4DDB343C1}.Debug|Any CPU.Build.0 = Debug|Any CPU
		{0CC9ECE4-40FD-4AD7-A656-96C4DDB343C1}.Release|Any CPU.ActiveCfg = Release|Any CPU
		{0CC9ECE4-40FD-4AD7-A656-96C4DDB343C1}.Release|Any CPU.Build.0 = Release|Any CPU
	EndGlobalSection
	GlobalSection(SolutionProperties) = preSolution
		HideSolutionNode = FALSE
	EndGlobalSection
	GlobalSection(NestedProjects) = preSolution
		{0CC9ECE4-40FD-4AD7-A656-96C4DDB343C1} = {7F650B01-E6B9-42D2-9E9A-FD9F687F548E}
	EndGlobalSection
	GlobalSection(ExtensibilityGlobals) = postSolution
		SolutionGuid = {4137D16E-E70C-4EF0-9EB6-602B7BCF554C}
	EndGlobalSection
EndGlobal
